
Microsoft Visual Studio Solution File, Format Version 12.00
# Visual Studio Version 17
VisualStudioVersion = 17.5.002.0
MinimumVisualStudioVersion = 10.0.40219.1
Project("{9A19103F-16F7-4668-BE54-9A1E7A4F7556}") = "api", "api\api.csproj", "{C3A6C8D9-3103-4F1A-9D6E-A57B472C1C36}"
EndProject
Global
	GlobalSection(SolutionConfigurationPlatforms) = preSolution
		Debug|Any CPU = Debug|Any CPU
		Release|Any CPU = Release|Any CPU
	EndGlobalSection
	GlobalSection(ProjectConfigurationPlatforms) = postSolution
		{C3A6C8D9-3103-4F1A-9D6E-A57B472C1C36}.Debug|Any CPU.ActiveCfg = Debug|Any CPU
		{C3A6C8D9-3103-4F1A-9D6E-A57B472C1C36}.Debug|Any CPU.Build.0 = Debug|Any CPU
		{C3A6C8D9-3103-4F1A-9D6E-A57B472C1C36}.Release|Any CPU.ActiveCfg = Release|Any CPU
		{C3A6C8D9-3103-4F1A-9D6E-A57B472C1C36}.Release|Any CPU.Build.0 = Release|Any CPU
	EndGlobalSection
	GlobalSection(SolutionProperties) = preSolution
		HideSolutionNode = FALSE
	EndGlobalSection
	GlobalSection(ExtensibilityGlobals) = postSolution
		SolutionGuid = {686F6726-3232-4FAD-A600-EDD90FA78BAB}
	EndGlobalSection
EndGlobal
